
Microsoft Visual Studio Solution File, Format Version 12.00
# Visual Studio Version 16
VisualStudioVersion = 16.0.31424.327
MinimumVisualStudioVersion = 10.0.40219.1
Project("{FAE04EC0-301F-11D3-BF4B-00C04F79EFBC}") = "TennisGame", "TennisGame\TennisGame.csproj", "{02F2E2EA-19C2-4327-BCB4-5DF9BEC478DC}"
EndProject
Global
	GlobalSection(SolutionConfigurationPlatforms) = preSolution
		Debug|Any CPU = Debug|Any CPU
		Release|Any CPU = Release|Any CPU
	EndGlobalSection
	GlobalSection(ProjectConfigurationPlatforms) = postSolution
		{02F2E2EA-19C2-4327-BCB4-5DF9BEC478DC}.Debug|Any CPU.ActiveCfg = Debug|Any CPU
		{02F2E2EA-19C2-4327-BCB4-5DF9BEC478DC}.Debug|Any CPU.Build.0 = Debug|Any CPU
		{02F2E2EA-19C2-4327-BCB4-5DF9BEC478DC}.Release|Any CPU.ActiveCfg = Release|Any CPU
		{02F2E2EA-19C2-4327-BCB4-5DF9BEC478DC}.Release|Any CPU.Build.0 = Release|Any CPU
	EndGlobalSection
	GlobalSection(SolutionProperties) = preSolution
		HideSolutionNode = FALSE
	EndGlobalSection
	GlobalSection(ExtensibilityGlobals) = postSolution
		SolutionGuid = {5440DCA1-C3E3-4F93-A537-8E5DB2302719}
	EndGlobalSection
EndGlobal
